{
  "name": "hayaoshi-button-online",
  "version": "1.0.0",
  "lockfileVersion": 1,
  "requires": true,
  "dependencies": {
    "morse-unit-test": {
      "version": "0.1.2",
      "resolved": "https://registry.npmjs.org/morse-unit-test/-/morse-unit-test-0.1.2.tgz",
      "integrity": "sha512-vaUradoj4+vTdga7HxmMWT9uxEI5tP6JyewSjKxY+6MLbbToD5GJbtC711HUQ3nAQ38f8vBVEDvV0dPe3wMiqg==",
      "dev": true
    },
    "n": {
      "version": "6.2.0",
      "resolved": "https://registry.npmjs.org/n/-/n-6.2.0.tgz",
      "integrity": "sha512-UgMUiCdm/W2UgseGQvIgChg8U/uvhVgUQbcPaG53Q/+ETY2G27V9tjDrGGB+Kr9y9cN6Oo5j6zFUzT1E9H/1rg=="
    }
  }
}
